
Microsoft Visual Studio Solution File, Format Version 12.00
# Visual Studio 14
VisualStudioVersion = 14.0.24720.0
MinimumVisualStudioVersion = 10.0.40219.1
Project("{FAE04EC0-301F-11D3-BF4B-00C04F79EFBC}") = "ratchet-windows-debugger", "ratchet-windows-debugger\ratchet-windows-debugger.csproj", "{DE25DA5D-5929-4341-99A9-7C4404674056}"
EndProject
Project("{2150E333-8FDC-42A3-9474-1A3956D46DE8}") = "Samples", "Samples", "{AD7A8DF7-10F3-4D49-854F-CEA5D317F24C}"
EndProject
Project("{FAE04EC0-301F-11D3-BF4B-00C04F79EFBC}") = "EventLogger", "Samples\EventLogger\EventLogger.csproj", "{EFF4857F-B088-496E-B933-334713A78A63}"
EndProject
Project("{2150E333-8FDC-42A3-9474-1A3956D46DE8}") = "Build", "Build", "{419CAD08-026A-48F7-A16A-BDAD73CDFBDA}"
	ProjectSection(SolutionItems) = preProject
		Builds\Ratchet.Runtime.Debugger.Windows.nuspec = Builds\Ratchet.Runtime.Debugger.Windows.nuspec
	EndProjectSection
EndProject
Project("{FAE04EC0-301F-11D3-BF4B-00C04F79EFBC}") = "FTrace", "Samples\FTrace\FTrace.csproj", "{DDD9B0BF-FA50-428C-B258-E9B9A735C2A0}"
EndProject
Project("{FAE04EC0-301F-11D3-BF4B-00C04F79EFBC}") = "ratchet-windows-debugger-net40", "Build\ratchet-windows-debugger-net40\ratchet-windows-debugger-net40.csproj", "{83A1ABE9-30B5-40EB-98A0-B9AC77D5B566}"
EndProject
Project("{FAE04EC0-301F-11D3-BF4B-00C04F79EFBC}") = "ratchet-windows-debugger-net45", "Build\ratchet-windows-debugger-net45\ratchet-windows-debugger-net45.csproj", "{B3A8B938-4CDF-4129-8F4F-6BCFEE0E5660}"
EndProject
Global
	GlobalSection(SolutionConfigurationPlatforms) = preSolution
		Debug|Any CPU = Debug|Any CPU
		Release|Any CPU = Release|Any CPU
	EndGlobalSection
	GlobalSection(ProjectConfigurationPlatforms) = postSolution
		{DE25DA5D-5929-4341-99A9-7C4404674056}.Debug|Any CPU.ActiveCfg = Debug|Any CPU
		{DE25DA5D-5929-4341-99A9-7C4404674056}.Debug|Any CPU.Build.0 = Debug|Any CPU
		{DE25DA5D-5929-4341-99A9-7C4404674056}.Release|Any CPU.ActiveCfg = Release|Any CPU
		{DE25DA5D-5929-4341-99A9-7C4404674056}.Release|Any CPU.Build.0 = Release|Any CPU
		{EFF4857F-B088-496E-B933-334713A78A63}.Debug|Any CPU.ActiveCfg = Debug|Any CPU
		{EFF4857F-B088-496E-B933-334713A78A63}.Debug|Any CPU.Build.0 = Debug|Any CPU
		{EFF4857F-B088-496E-B933-334713A78A63}.Release|Any CPU.ActiveCfg = Release|Any CPU
		{EFF4857F-B088-496E-B933-334713A78A63}.Release|Any CPU.Build.0 = Release|Any CPU
		{DDD9B0BF-FA50-428C-B258-E9B9A735C2A0}.Debug|Any CPU.ActiveCfg = Debug|Any CPU
		{DDD9B0BF-FA50-428C-B258-E9B9A735C2A0}.Debug|Any CPU.Build.0 = Debug|Any CPU
		{DDD9B0BF-FA50-428C-B258-E9B9A735C2A0}.Release|Any CPU.ActiveCfg = Release|Any CPU
		{DDD9B0BF-FA50-428C-B258-E9B9A735C2A0}.Release|Any CPU.Build.0 = Release|Any CPU
		{83A1ABE9-30B5-40EB-98A0-B9AC77D5B566}.Debug|Any CPU.ActiveCfg = Debug|Any CPU
		{83A1ABE9-30B5-40EB-98A0-B9AC77D5B566}.Debug|Any CPU.Build.0 = Debug|Any CPU
		{83A1ABE9-30B5-40EB-98A0-B9AC77D5B566}.Release|Any CPU.ActiveCfg = Release|Any CPU
		{83A1ABE9-30B5-40EB-98A0-B9AC77D5B566}.Release|Any CPU.Build.0 = Release|Any CPU
		{B3A8B938-4CDF-4129-8F4F-6BCFEE0E5660}.Debug|Any CPU.ActiveCfg = Debug|Any CPU
		{B3A8B938-4CDF-4129-8F4F-6BCFEE0E5660}.Debug|Any CPU.Build.0 = Debug|Any CPU
		{B3A8B938-4CDF-4129-8F4F-6BCFEE0E5660}.Release|Any CPU.ActiveCfg = Release|Any CPU
		{B3A8B938-4CDF-4129-8F4F-6BCFEE0E5660}.Release|Any CPU.Build.0 = Release|Any CPU
	EndGlobalSection
	GlobalSection(SolutionProperties) = preSolution
		HideSolutionNode = FALSE
	EndGlobalSection
	GlobalSection(NestedProjects) = preSolution
		{EFF4857F-B088-496E-B933-334713A78A63} = {AD7A8DF7-10F3-4D49-854F-CEA5D317F24C}
		{DDD9B0BF-FA50-428C-B258-E9B9A735C2A0} = {AD7A8DF7-10F3-4D49-854F-CEA5D317F24C}
		{83A1ABE9-30B5-40EB-98A0-B9AC77D5B566} = {419CAD08-026A-48F7-A16A-BDAD73CDFBDA}
		{B3A8B938-4CDF-4129-8F4F-6BCFEE0E5660} = {419CAD08-026A-48F7-A16A-BDAD73CDFBDA}
	EndGlobalSection
EndGlobal
